
Microsoft Visual Studio Solution File, Format Version 12.00
# Visual Studio Version 17
VisualStudioVersion = 17.5.002.0
MinimumVisualStudioVersion = 10.0.40219.1
Project("{9A19103F-16F7-4668-BE54-9A1E7A4F7556}") = "PiController", "PiController.csproj", "{662B5F98-41BC-40C6-81DA-33C1D2B0B096}"
EndProject
Project("{9A19103F-16F7-4668-BE54-9A1E7A4F7556}") = "PiControllerLib", "PiControllerLib\PiControllerLib.csproj", "{893D08BF-B502-46D7-9115-DDEE573142A2}"
EndProject
Global
	GlobalSection(SolutionConfigurationPlatforms) = preSolution
		Debug|Any CPU = Debug|Any CPU
		Release|Any CPU = Release|Any CPU
	EndGlobalSection
	GlobalSection(ProjectConfigurationPlatforms) = postSolution
		{662B5F98-41BC-40C6-81DA-33C1D2B0B096}.Debug|Any CPU.ActiveCfg = Debug|Any CPU
		{662B5F98-41BC-40C6-81DA-33C1D2B0B096}.Debug|Any CPU.Build.0 = Debug|Any CPU
		{662B5F98-41BC-40C6-81DA-33C1D2B0B096}.Release|Any CPU.ActiveCfg = Release|Any CPU
		{662B5F98-41BC-40C6-81DA-33C1D2B0B096}.Release|Any CPU.Build.0 = Release|Any CPU
		{893D08BF-B502-46D7-9115-DDEE573142A2}.Debug|Any CPU.ActiveCfg = Debug|Any CPU
		{893D08BF-B502-46D7-9115-DDEE573142A2}.Debug|Any CPU.Build.0 = Debug|Any CPU
		{893D08BF-B502-46D7-9115-DDEE573142A2}.Release|Any CPU.ActiveCfg = Release|Any CPU
		{893D08BF-B502-46D7-9115-DDEE573142A2}.Release|Any CPU.Build.0 = Release|Any CPU
	EndGlobalSection
	GlobalSection(SolutionProperties) = preSolution
		HideSolutionNode = FALSE
	EndGlobalSection
	GlobalSection(ExtensibilityGlobals) = postSolution
		SolutionGuid = {A7B81F1C-F072-4FAD-9159-6FC3642FF5DF}
	EndGlobalSection
EndGlobal
